<?xml version="1.0" encoding="utf-8"?>
<Project ToolsVersion="Current" xmlns="http://schemas.microsoft.com/developer/msbuild/2003">
  <ItemGroup>
    <ClCompile Include="include\imgui\imgui.cpp" />
    <ClCompile Include="include\imgui\imgui_demo.cpp" />
    <ClCompile Include="include\imgui\imgui_draw.cpp" />
    <ClCompile Include="include\imgui\imgui_impl_dx9.cpp" />
    <ClCompile Include="include\imgui\imgui_impl_win32.cpp" />
    <ClCompile Include="include\imgui\imgui_tables.cpp" />
    <ClCompile Include="include\imgui\imgui_widgets.cpp" />
    <ClCompile Include="include\libmem++\libmem.cpp" />
    <ClCompile Include="src\base.cpp" />
    <ClCompile Include="src\hooks\EndScene.cpp" />
    <ClCompile Include="src\hooks\hooks.cpp" />
    <ClCompile Include="src\hooks\WndProc.cpp" />
    <ClCompile Include="src\main.cpp" />
    <ClCompile Include="src\pch.cpp" />
    <ClCompile Include="src\player.cpp" />
    <ClCompile Include="src\menu.cpp" />
  </ItemGroup>
  <ItemGroup>
    <ClInclude Include="include\imgui\imconfig.h" />
    <ClInclude Include="include\imgui\imgui.h" />
    <ClInclude Include="include\imgui\imgui_impl_dx9.h" />
    <ClInclude Include="include\imgui\imgui_impl_win32.h" />
    <ClInclude Include="include\imgui\imgui_internal.h" />
    <ClInclude Include="include\imgui\imstb_rectpack.h" />
    <ClInclude Include="include\imgui\imstb_textedit.h" />
    <ClInclude Include="include\imgui\imstb_truetype.h" />
    <ClInclude Include="include\libmem++\libmem.hpp" />
    <ClInclude Include="src\base.h" />
    <ClInclude Include="src\pch.h" />
    <ClInclude Include="src\player.hpp" />
    <ClInclude Include="src\player.h" />
    <ClInclude Include="src\menu.h" />
  </ItemGroup>
  <ItemGroup>
    <Text Include="assets\readme.txt" />
  </ItemGroup>
</Project>